// !$*UTF8*$!
{
	archiveVersion = 1;
	classes = {
	};
	objectVersion = 50;
	objects = {

/* Begin PBXBuildFile section */
		398485E3237EAA77000C2677 /* AppDelegate.swift in Sources */ = {isa = PBXBuildFile; fileRef = 398485E2237EAA77000C2677 /* AppDelegate.swift */; };
		398485E5237EAA77000C2677 /* SceneDelegate.swift in Sources */ = {isa = PBXBuildFile; fileRef = 398485E4237EAA77000C2677 /* SceneDelegate.swift */; };
		398485EC237EAA78000C2677 /* Assets.xcassets in Resources */ = {isa = PBXBuildFile; fileRef = 398485EB237EAA78000C2677 /* Assets.xcassets */; };
		398485EF237EAA78000C2677 /* LaunchScreen.storyboard in Resources */ = {isa = PBXBuildFile; fileRef = 398485ED237EAA78000C2677 /* LaunchScreen.storyboard */; };
		398485FB237EAD4E000C2677 /* NetworkHelper.swift in Sources */ = {isa = PBXBuildFile; fileRef = 398485FA237EAD4E000C2677 /* NetworkHelper.swift */; };
		398485FD237EB572000C2677 /* BaseTableViewCell.swift in Sources */ = {isa = PBXBuildFile; fileRef = 398485FC237EB572000C2677 /* BaseTableViewCell.swift */; };
		398485FF237EB5E4000C2677 /* CityTableViewCell.swift in Sources */ = {isa = PBXBuildFile; fileRef = 398485FE237EB5E4000C2677 /* CityTableViewCell.swift */; };
		39848601237EB867000C2677 /* City.swift in Sources */ = {isa = PBXBuildFile; fileRef = 39848600237EB867000C2677 /* City.swift */; };
		39848603237EBD05000C2677 /* CityTableViewController.swift in Sources */ = {isa = PBXBuildFile; fileRef = 39848602237EBD05000C2677 /* CityTableViewController.swift */; };
		39848606237EC588000C2677 /* CityModelView.swift in Sources */ = {isa = PBXBuildFile; fileRef = 39848605237EC588000C2677 /* CityModelView.swift */; };
		39848609237EC94C000C2677 /* CoreDataStackManage.swift in Sources */ = {isa = PBXBuildFile; fileRef = 39848608237EC94C000C2677 /* CoreDataStackManage.swift */; };
		3984860C237EC97D000C2677 /* Weather.xcdatamodeld in Sources */ = {isa = PBXBuildFile; fileRef = 3984860A237EC97D000C2677 /* Weather.xcdatamodeld */; };
		3984860F237ECD93000C2677 /* Configuration.swift in Sources */ = {isa = PBXBuildFile; fileRef = 3984860E237ECD93000C2677 /* Configuration.swift */; };
		39848611237EEAE9000C2677 /* NewCityTableViewController.swift in Sources */ = {isa = PBXBuildFile; fileRef = 39848610237EEAE9000C2677 /* NewCityTableViewController.swift */; };
		39848614237EECB8000C2677 /* Identifiable.swift in Sources */ = {isa = PBXBuildFile; fileRef = 39848613237EECB8000C2677 /* Identifiable.swift */; };
		39848616237EF071000C2677 /* NewCityDelegate.swift in Sources */ = {isa = PBXBuildFile; fileRef = 39848615237EF071000C2677 /* NewCityDelegate.swift */; };
		39848618237EF274000C2677 /* MKMapItemModelView.swift in Sources */ = {isa = PBXBuildFile; fileRef = 39848617237EF274000C2677 /* MKMapItemModelView.swift */; };
		3984861A237EFC69000C2677 /* DetailsViewController.swift in Sources */ = {isa = PBXBuildFile; fileRef = 39848619237EFC69000C2677 /* DetailsViewController.swift */; };
		3984861C237EFF6A000C2677 /* DarkskyApiService.swift in Sources */ = {isa = PBXBuildFile; fileRef = 3984861B237EFF6A000C2677 /* DarkskyApiService.swift */; };
		3984861E237F00E9000C2677 /* Constants.swift in Sources */ = {isa = PBXBuildFile; fileRef = 3984861D237F00E9000C2677 /* Constants.swift */; };
		39848620237F03EC000C2677 /* GlobalData.swift in Sources */ = {isa = PBXBuildFile; fileRef = 3984861F237F03EC000C2677 /* GlobalData.swift */; };
		39848622237F055A000C2677 /* BlockData.swift in Sources */ = {isa = PBXBuildFile; fileRef = 39848621237F055A000C2677 /* BlockData.swift */; };
		39848624237F0627000C2677 /* BlockDataDaily.swift in Sources */ = {isa = PBXBuildFile; fileRef = 39848623237F0627000C2677 /* BlockDataDaily.swift */; };
		39848626237F0656000C2677 /* MinetlyData.swift in Sources */ = {isa = PBXBuildFile; fileRef = 39848625237F0656000C2677 /* MinetlyData.swift */; };
/* End PBXBuildFile section */

/* Begin PBXFileReference section */
		398485DF237EAA77000C2677 /* Weather.app */ = {isa = PBXFileReference; explicitFileType = wrapper.application; includeInIndex = 0; path = Weather.app; sourceTree = BUILT_PRODUCTS_DIR; };
		398485E2237EAA77000C2677 /* AppDelegate.swift */ = {isa = PBXFileReference; lastKnownFileType = sourcecode.swift; path = AppDelegate.swift; sourceTree = "<group>"; };
		398485E4237EAA77000C2677 /* SceneDelegate.swift */ = {isa = PBXFileReference; lastKnownFileType = sourcecode.swift; path = SceneDelegate.swift; sourceTree = "<group>"; };
		398485EB237EAA78000C2677 /* Assets.xcassets */ = {isa = PBXFileReference; lastKnownFileType = folder.assetcatalog; path = Assets.xcassets; sourceTree = "<group>"; };
		398485EE237EAA78000C2677 /* Base */ = {isa = PBXFileReference; lastKnownFileType = file.storyboard; name = Base; path = Base.lproj/LaunchScreen.storyboard; sourceTree = "<group>"; };
		398485F0237EAA78000C2677 /* Info.plist */ = {isa = PBXFileReference; lastKnownFileType = text.plist.xml; path = Info.plist; sourceTree = "<group>"; };
		398485FA237EAD4E000C2677 /* NetworkHelper.swift */ = {isa = PBXFileReference; lastKnownFileType = sourcecode.swift; path = NetworkHelper.swift; sourceTree = "<group>"; };
		398485FC237EB572000C2677 /* BaseTableViewCell.swift */ = {isa = PBXFileReference; lastKnownFileType = sourcecode.swift; path = BaseTableViewCell.swift; sourceTree = "<group>"; };
		398485FE237EB5E4000C2677 /* CityTableViewCell.swift */ = {isa = PBXFileReference; lastKnownFileType = sourcecode.swift; path = CityTableViewCell.swift; sourceTree = "<group>"; };
		39848600237EB867000C2677 /* City.swift */ = {isa = PBXFileReference; lastKnownFileType = sourcecode.swift; path = City.swift; sourceTree = "<group>"; };
		39848602237EBD05000C2677 /* CityTableViewController.swift */ = {isa = PBXFileReference; lastKnownFileType = sourcecode.swift; path = CityTableViewController.swift; sourceTree = "<group>"; };
		39848605237EC588000C2677 /* CityModelView.swift */ = {isa = PBXFileReference; lastKnownFileType = sourcecode.swift; path = CityModelView.swift; sourceTree = "<group>"; };
		39848608237EC94C000C2677 /* CoreDataStackManage.swift */ = {isa = PBXFileReference; fileEncoding = 4; lastKnownFileType = sourcecode.swift; path = CoreDataStackManage.swift; sourceTree = "<group>"; };
		3984860B237EC97D000C2677 /* Weather.xcdatamodel */ = {isa = PBXFileReference; lastKnownFileType = wrapper.xcdatamodel; path = Weather.xcdatamodel; sourceTree = "<group>"; };
		3984860E237ECD93000C2677 /* Configuration.swift */ = {isa = PBXFileReference; lastKnownFileType = sourcecode.swift; path = Configuration.swift; sourceTree = "<group>"; };
		39848610237EEAE9000C2677 /* NewCityTableViewController.swift */ = {isa = PBXFileReference; lastKnownFileType = sourcecode.swift; path = NewCityTableViewController.swift; sourceTree = "<group>"; };
		39848613237EECB8000C2677 /* Identifiable.swift */ = {isa = PBXFileReference; lastKnownFileType = sourcecode.swift; path = Identifiable.swift; sourceTree = "<group>"; };
		39848615237EF071000C2677 /* NewCityDelegate.swift */ = {isa = PBXFileReference; lastKnownFileType = sourcecode.swift; path = NewCityDelegate.swift; sourceTree = "<group>"; };
		39848617237EF274000C2677 /* MKMapItemModelView.swift */ = {isa = PBXFileReference; lastKnownFileType = sourcecode.swift; path = MKMapItemModelView.swift; sourceTree = "<group>"; };
		39848619237EFC69000C2677 /* DetailsViewController.swift */ = {isa = PBXFileReference; lastKnownFileType = sourcecode.swift; path = DetailsViewController.swift; sourceTree = "<group>"; };
		3984861B237EFF6A000C2677 /* DarkskyApiService.swift */ = {isa = PBXFileReference; lastKnownFileType = sourcecode.swift; path = DarkskyApiService.swift; sourceTree = "<group>"; };
		3984861D237F00E9000C2677 /* Constants.swift */ = {isa = PBXFileReference; lastKnownFileType = sourcecode.swift; path = Constants.swift; sourceTree = "<group>"; };
		3984861F237F03EC000C2677 /* GlobalData.swift */ = {isa = PBXFileReference; lastKnownFileType = sourcecode.swift; path = GlobalData.swift; sourceTree = "<group>"; };
		39848621237F055A000C2677 /* BlockData.swift */ = {isa = PBXFileReference; lastKnownFileType = sourcecode.swift; path = BlockData.swift; sourceTree = "<group>"; };
		39848623237F0627000C2677 /* BlockDataDaily.swift */ = {isa = PBXFileReference; lastKnownFileType = sourcecode.swift; path = BlockDataDaily.swift; sourceTree = "<group>"; };
		39848625237F0656000C2677 /* MinetlyData.swift */ = {isa = PBXFileReference; lastKnownFileType = sourcecode.swift; path = MinetlyData.swift; sourceTree = "<group>"; };
/* End PBXFileReference section */

/* Begin PBXFrameworksBuildPhase section */
		398485DC237EAA77000C2677 /* Frameworks */ = {
			isa = PBXFrameworksBuildPhase;
			buildActionMask = 2147483647;
			files = (
			);
			runOnlyForDeploymentPostprocessing = 0;
		};
/* End PBXFrameworksBuildPhase section */

/* Begin PBXGroup section */
		398485D6237EAA77000C2677 = {
			isa = PBXGroup;
			children = (
				398485E1237EAA77000C2677 /* Weather */,
				398485E0237EAA77000C2677 /* Products */,
			);
			sourceTree = "<group>";
		};
		398485E0237EAA77000C2677 /* Products */ = {
			isa = PBXGroup;
			children = (
				398485DF237EAA77000C2677 /* Weather.app */,
			);
			name = Products;
			sourceTree = "<group>";
		};
		398485E1237EAA77000C2677 /* Weather */ = {
			isa = PBXGroup;
			children = (
				39848612237EECAB000C2677 /* Protocol */,
				3984860D237ECD7A000C2677 /* Configuration */,
				39848607237EC90C000C2677 /* CoreData */,
				39848604237EC56D000C2677 /* ModelView */,
				398485F9237EAAA9000C2677 /* Controller */,
				398485F8237EAAA3000C2677 /* Network */,
				398485F7237EAAA0000C2677 /* View */,
				398485F6237EAA9A000C2677 /* Model */,
				398485E2237EAA77000C2677 /* AppDelegate.swift */,
				398485E4237EAA77000C2677 /* SceneDelegate.swift */,
				398485EB237EAA78000C2677 /* Assets.xcassets */,
				398485ED237EAA78000C2677 /* LaunchScreen.storyboard */,
				398485F0237EAA78000C2677 /* Info.plist */,
			);
			path = Weather;
			sourceTree = "<group>";
		};
		398485F6237EAA9A000C2677 /* Model */ = {
			isa = PBXGroup;
			children = (
				39848600237EB867000C2677 /* City.swift */,
				3984861F237F03EC000C2677 /* GlobalData.swift */,
				39848625237F0656000C2677 /* MinetlyData.swift */,
				39848623237F0627000C2677 /* BlockDataDaily.swift */,
				39848621237F055A000C2677 /* BlockData.swift */,
			);
			path = Model;
			sourceTree = "<group>";
		};
		398485F7237EAAA0000C2677 /* View */ = {
			isa = PBXGroup;
			children = (
				398485FC237EB572000C2677 /* BaseTableViewCell.swift */,
				398485FE237EB5E4000C2677 /* CityTableViewCell.swift */,
			);
			path = View;
			sourceTree = "<group>";
		};
		398485F8237EAAA3000C2677 /* Network */ = {
			isa = PBXGroup;
			children = (
				398485FA237EAD4E000C2677 /* NetworkHelper.swift */,
				3984861B237EFF6A000C2677 /* DarkskyApiService.swift */,
			);
			path = Network;
			sourceTree = "<group>";
		};
		398485F9237EAAA9000C2677 /* Controller */ = {
			isa = PBXGroup;
			children = (
				39848602237EBD05000C2677 /* CityTableViewController.swift */,
				39848610237EEAE9000C2677 /* NewCityTableViewController.swift */,
				39848619237EFC69000C2677 /* DetailsViewController.swift */,
			);
			path = Controller;
			sourceTree = "<group>";
		};
		39848604237EC56D000C2677 /* ModelView */ = {
			isa = PBXGroup;
			children = (
				39848605237EC588000C2677 /* CityModelView.swift */,
				39848617237EF274000C2677 /* MKMapItemModelView.swift */,
			);
			path = ModelView;
			sourceTree = "<group>";
		};
		39848607237EC90C000C2677 /* CoreData */ = {
			isa = PBXGroup;
			children = (
				39848608237EC94C000C2677 /* CoreDataStackManage.swift */,
				3984860A237EC97D000C2677 /* Weather.xcdatamodeld */,
			);
			path = CoreData;
			sourceTree = "<group>";
		};
		3984860D237ECD7A000C2677 /* Configuration */ = {
			isa = PBXGroup;
			children = (
				3984860E237ECD93000C2677 /* Configuration.swift */,
				3984861D237F00E9000C2677 /* Constants.swift */,
			);
			path = Configuration;
			sourceTree = "<group>";
		};
		39848612237EECAB000C2677 /* Protocol */ = {
			isa = PBXGroup;
			children = (
				39848613237EECB8000C2677 /* Identifiable.swift */,
				39848615237EF071000C2677 /* NewCityDelegate.swift */,
			);
			path = Protocol;
			sourceTree = "<group>";
		};
/* End PBXGroup section */

/* Begin PBXNativeTarget section */
		398485DE237EAA77000C2677 /* Weather */ = {
			isa = PBXNativeTarget;
			buildConfigurationList = 398485F3237EAA78000C2677 /* Build configuration list for PBXNativeTarget "Weather" */;
			buildPhases = (
				398485DB237EAA77000C2677 /* Sources */,
				398485DC237EAA77000C2677 /* Frameworks */,
				398485DD237EAA77000C2677 /* Resources */,
			);
			buildRules = (
			);
			dependencies = (
			);
			name = Weather;
			productName = Weather;
			productReference = 398485DF237EAA77000C2677 /* Weather.app */;
			productType = "com.apple.product-type.application";
		};
/* End PBXNativeTarget section */

/* Begin PBXProject section */
		398485D7237EAA77000C2677 /* Project object */ = {
			isa = PBXProject;
			attributes = {
				LastSwiftUpdateCheck = 1110;
				LastUpgradeCheck = 1110;
				ORGANIZATIONNAME = Babel;
				TargetAttributes = {
					398485DE237EAA77000C2677 = {
						CreatedOnToolsVersion = 11.1;
					};
				};
			};
			buildConfigurationList = 398485DA237EAA77000C2677 /* Build configuration list for PBXProject "Weather" */;
			compatibilityVersion = "Xcode 9.3";
			developmentRegion = en;
			hasScannedForEncodings = 0;
			knownRegions = (
				en,
				Base,
			);
			mainGroup = 398485D6237EAA77000C2677;
			productRefGroup = 398485E0237EAA77000C2677 /* Products */;
			projectDirPath = "";
			projectRoot = "";
			targets = (
				398485DE237EAA77000C2677 /* Weather */,
			);
		};
/* End PBXProject section */

/* Begin PBXResourcesBuildPhase section */
		398485DD237EAA77000C2677 /* Resources */ = {
			isa = PBXResourcesBuildPhase;
			buildActionMask = 2147483647;
			files = (
				398485EF237EAA78000C2677 /* LaunchScreen.storyboard in Resources */,
				398485EC237EAA78000C2677 /* Assets.xcassets in Resources */,
			);
			runOnlyForDeploymentPostprocessing = 0;
		};
/* End PBXResourcesBuildPhase section */

/* Begin PBXSourcesBuildPhase section */
		398485DB237EAA77000C2677 /* Sources */ = {
			isa = PBXSourcesBuildPhase;
			buildActionMask = 2147483647;
			files = (
				39848624237F0627000C2677 /* BlockDataDaily.swift in Sources */,
				39848603237EBD05000C2677 /* CityTableViewController.swift in Sources */,
				39848626237F0656000C2677 /* MinetlyData.swift in Sources */,
				398485FF237EB5E4000C2677 /* CityTableViewCell.swift in Sources */,
				3984860C237EC97D000C2677 /* Weather.xcdatamodeld in Sources */,
				398485FB237EAD4E000C2677 /* NetworkHelper.swift in Sources */,
				39848606237EC588000C2677 /* CityModelView.swift in Sources */,
				3984861C237EFF6A000C2677 /* DarkskyApiService.swift in Sources */,
				398485E3237EAA77000C2677 /* AppDelegate.swift in Sources */,
				39848614237EECB8000C2677 /* Identifiable.swift in Sources */,
				398485FD237EB572000C2677 /* BaseTableViewCell.swift in Sources */,
				39848609237EC94C000C2677 /* CoreDataStackManage.swift in Sources */,
				398485E5237EAA77000C2677 /* SceneDelegate.swift in Sources */,
				39848616237EF071000C2677 /* NewCityDelegate.swift in Sources */,
				3984861A237EFC69000C2677 /* DetailsViewController.swift in Sources */,
				39848601237EB867000C2677 /* City.swift in Sources */,
				39848611237EEAE9000C2677 /* NewCityTableViewController.swift in Sources */,
				39848620237F03EC000C2677 /* GlobalData.swift in Sources */,
				3984860F237ECD93000C2677 /* Configuration.swift in Sources */,
				39848618237EF274000C2677 /* MKMapItemModelView.swift in Sources */,
				3984861E237F00E9000C2677 /* Constants.swift in Sources */,
				39848622237F055A000C2677 /* BlockData.swift in Sources */,
			);
			runOnlyForDeploymentPostprocessing = 0;
		};
/* End PBXSourcesBuildPhase section */

/* Begin PBXVariantGroup section */
		398485ED237EAA78000C2677 /* LaunchScreen.storyboard */ = {
			isa = PBXVariantGroup;
			children = (
				398485EE237EAA78000C2677 /* Base */,
			);
			name = LaunchScreen.storyboard;
			sourceTree = "<group>";
		};
/* End PBXVariantGroup section */

/* Begin XCBuildConfiguration section */
		398485F1237EAA78000C2677 /* Debug */ = {
			isa = XCBuildConfiguration;
			buildSettings = {
				ALWAYS_SEARCH_USER_PATHS = NO;
				CLANG_ANALYZER_NONNULL = YES;
				CLANG_ANALYZER_NUMBER_OBJECT_CONVERSION = YES_AGGRESSIVE;
				CLANG_CXX_LANGUAGE_STANDARD = "gnu++14";
				CLANG_CXX_LIBRARY = "libc++";
				CLANG_ENABLE_MODULES = YES;
				CLANG_ENABLE_OBJC_ARC = YES;
				CLANG_ENABLE_OBJC_WEAK = YES;
				CLANG_WARN_BLOCK_CAPTURE_AUTORELEASING = YES;
				CLANG_WARN_BOOL_CONVERSION = YES;
				CLANG_WARN_COMMA = YES;
				CLANG_WARN_CONSTANT_CONVERSION = YES;
				CLANG_WARN_DEPRECATED_OBJC_IMPLEMENTATIONS = YES;
				CLANG_WARN_DIRECT_OBJC_ISA_USAGE = YES_ERROR;
				CLANG_WARN_DOCUMENTATION_COMMENTS = YES;
				CLANG_WARN_EMPTY_BODY = YES;
				CLANG_WARN_ENUM_CONVERSION = YES;
				CLANG_WARN_INFINITE_RECURSION = YES;
				CLANG_WARN_INT_CONVERSION = YES;
				CLANG_WARN_NON_LITERAL_NULL_CONVERSION = YES;
				CLANG_WARN_OBJC_IMPLICIT_RETAIN_SELF = YES;
				CLANG_WARN_OBJC_LITERAL_CONVERSION = YES;
				CLANG_WARN_OBJC_ROOT_CLASS = YES_ERROR;
				CLANG_WARN_RANGE_LOOP_ANALYSIS = YES;
				CLANG_WARN_STRICT_PROTOTYPES = YES;
				CLANG_WARN_SUSPICIOUS_MOVE = YES;
				CLANG_WARN_UNGUARDED_AVAILABILITY = YES_AGGRESSIVE;
				CLANG_WARN_UNREACHABLE_CODE = YES;
				CLANG_WARN__DUPLICATE_METHOD_MATCH = YES;
				COPY_PHASE_STRIP = NO;
				DEBUG_INFORMATION_FORMAT = dwarf;
				ENABLE_STRICT_OBJC_MSGSEND = YES;
				ENABLE_TESTABILITY = YES;
				GCC_C_LANGUAGE_STANDARD = gnu11;
				GCC_DYNAMIC_NO_PIC = NO;
				GCC_NO_COMMON_BLOCKS = YES;
				GCC_OPTIMIZATION_LEVEL = 0;
				GCC_PREPROCESSOR_DEFINITIONS = (
					"DEBUG=1",
					"$(inherited)",
				);
				GCC_WARN_64_TO_32_BIT_CONVERSION = YES;
				GCC_WARN_ABOUT_RETURN_TYPE = YES_ERROR;
				GCC_WARN_UNDECLARED_SELECTOR = YES;
				GCC_WARN_UNINITIALIZED_AUTOS = YES_AGGRESSIVE;
				GCC_WARN_UNUSED_FUNCTION = YES;
				GCC_WARN_UNUSED_VARIABLE = YES;
				IPHONEOS_DEPLOYMENT_TARGET = 13.1;
				MTL_ENABLE_DEBUG_INFO = INCLUDE_SOURCE;
				MTL_FAST_MATH = YES;
				ONLY_ACTIVE_ARCH = YES;
				SDKROOT = iphoneos;
				SWIFT_ACTIVE_COMPILATION_CONDITIONS = DEBUG;
				SWIFT_OPTIMIZATION_LEVEL = "-Onone";
			};
			name = Debug;
		};
		398485F2237EAA78000C2677 /* Release */ = {
			isa = XCBuildConfiguration;
			buildSettings = {
				ALWAYS_SEARCH_USER_PATHS = NO;
				CLANG_ANALYZER_NONNULL = YES;
				CLANG_ANALYZER_NUMBER_OBJECT_CONVERSION = YES_AGGRESSIVE;
				CLANG_CXX_LANGUAGE_STANDARD = "gnu++14";
				CLANG_CXX_LIBRARY = "libc++";
				CLANG_ENABLE_MODULES = YES;
				CLANG_ENABLE_OBJC_ARC = YES;
				CLANG_ENABLE_OBJC_WEAK = YES;
				CLANG_WARN_BLOCK_CAPTURE_AUTORELEASING = YES;
				CLANG_WARN_BOOL_CONVERSION = YES;
				CLANG_WARN_COMMA = YES;
				CLANG_WARN_CONSTANT_CONVERSION = YES;
				CLANG_WARN_DEPRECATED_OBJC_IMPLEMENTATIONS = YES;
				CLANG_WARN_DIRECT_OBJC_ISA_USAGE = YES_ERROR;
				CLANG_WARN_DOCUMENTATION_COMMENTS = YES;
				CLANG_WARN_EMPTY_BODY = YES;
				CLANG_WARN_ENUM_CONVERSION = YES;
				CLANG_WARN_INFINITE_RECURSION = YES;
				CLANG_WARN_INT_CONVERSION = YES;
				CLANG_WARN_NON_LITERAL_NULL_CONVERSION = YES;
				CLANG_WARN_OBJC_IMPLICIT_RETAIN_SELF = YES;
				CLANG_WARN_OBJC_LITERAL_CONVERSION = YES;
				CLANG_WARN_OBJC_ROOT_CLASS = YES_ERROR;
				CLANG_WARN_RANGE_LOOP_ANALYSIS = YES;
				CLANG_WARN_STRICT_PROTOTYPES = YES;
				CLANG_WARN_SUSPICIOUS_MOVE = YES;
				CLANG_WARN_UNGUARDED_AVAILABILITY = YES_AGGRESSIVE;
				CLANG_WARN_UNREACHABLE_CODE = YES;
				CLANG_WARN__DUPLICATE_METHOD_MATCH = YES;
				COPY_PHASE_STRIP = NO;
				DEBUG_INFORMATION_FORMAT = "dwarf-with-dsym";
				ENABLE_NS_ASSERTIONS = NO;
				ENABLE_STRICT_OBJC_MSGSEND = YES;
				GCC_C_LANGUAGE_STANDARD = gnu11;
				GCC_NO_COMMON_BLOCKS = YES;
				GCC_WARN_64_TO_32_BIT_CONVERSION = YES;
				GCC_WARN_ABOUT_RETURN_TYPE = YES_ERROR;
				GCC_WARN_UNDECLARED_SELECTOR = YES;
				GCC_WARN_UNINITIALIZED_AUTOS = YES_AGGRESSIVE;
				GCC_WARN_UNUSED_FUNCTION = YES;
				GCC_WARN_UNUSED_VARIABLE = YES;
				IPHONEOS_DEPLOYMENT_TARGET = 13.1;
				MTL_ENABLE_DEBUG_INFO = NO;
				MTL_FAST_MATH = YES;
				SDKROOT = iphoneos;
				SWIFT_COMPILATION_MODE = wholemodule;
				SWIFT_OPTIMIZATION_LEVEL = "-O";
				VALIDATE_PRODUCT = YES;
			};
			name = Release;
		};
		398485F4237EAA78000C2677 /* Debug */ = {
			isa = XCBuildConfiguration;
			buildSettings = {
				ASSETCATALOG_COMPILER_APPICON_NAME = AppIcon;
				CODE_SIGN_STYLE = Automatic;
				DEVELOPMENT_TEAM = W974LLURQ2;
				INFOPLIST_FILE = Weather/Info.plist;
				LD_RUNPATH_SEARCH_PATHS = (
					"$(inherited)",
					"@executable_path/Frameworks",
				);
				PRODUCT_BUNDLE_IDENTIFIER = com.babel.Weather;
				PRODUCT_NAME = "$(TARGET_NAME)";
				SWIFT_VERSION = 5.0;
				TARGETED_DEVICE_FAMILY = "1,2";
			};
			name = Debug;
		};
		398485F5237EAA78000C2677 /* Release */ = {
			isa = XCBuildConfiguration;
			buildSettings = {
				ASSETCATALOG_COMPILER_APPICON_NAME = AppIcon;
				CODE_SIGN_STYLE = Automatic;
				DEVELOPMENT_TEAM = W974LLURQ2;
				INFOPLIST_FILE = Weather/Info.plist;
				LD_RUNPATH_SEARCH_PATHS = (
					"$(inherited)",
					"@executable_path/Frameworks",
				);
				PRODUCT_BUNDLE_IDENTIFIER = com.babel.Weather;
				PRODUCT_NAME = "$(TARGET_NAME)";
				SWIFT_VERSION = 5.0;
				TARGETED_DEVICE_FAMILY = "1,2";
			};
			name = Release;
		};
/* End XCBuildConfiguration section */

/* Begin XCConfigurationList section */
		398485DA237EAA77000C2677 /* Build configuration list for PBXProject "Weather" */ = {
			isa = XCConfigurationList;
			buildConfigurations = (
				398485F1237EAA78000C2677 /* Debug */,
				398485F2237EAA78000C2677 /* Release */,
			);
			defaultConfigurationIsVisible = 0;
			defaultConfigurationName = Release;
		};
		398485F3237EAA78000C2677 /* Build configuration list for PBXNativeTarget "Weather" */ = {
			isa = XCConfigurationList;
			buildConfigurations = (
				398485F4237EAA78000C2677 /* Debug */,
				398485F5237EAA78000C2677 /* Release */,
			);
			defaultConfigurationIsVisible = 0;
			defaultConfigurationName = Release;
		};
/* End XCConfigurationList section */

/* Begin XCVersionGroup section */
		3984860A237EC97D000C2677 /* Weather.xcdatamodeld */ = {
			isa = XCVersionGroup;
			children = (
				3984860B237EC97D000C2677 /* Weather.xcdatamodel */,
			);
			currentVersion = 3984860B237EC97D000C2677 /* Weather.xcdatamodel */;
			path = Weather.xcdatamodeld;
			sourceTree = "<group>";
			versionGroupType = wrapper.xcdatamodel;
		};
/* End XCVersionGroup section */
	};
	rootObject = 398485D7237EAA77000C2677 /* Project object */;
}
